{
	"name": "obsidian-wiki-weaver",
	"version": "0.1.0",
	"lockfileVersion": 3,
	"requires": true,
	"packages": {
		"": {
			"name": "obsidian-wiki-weaver",
			"version": "0.1.0",
			"license": "MIT",
			"workspaces": [
				"packages/core",
				"apps/mcp-server",
				"apps/obsidian-plugin"
			]
		},
		"apps/mcp-server": {
			"name": "wiki-weaver-mcp-server",
			"version": "0.1.0",
			"license": "MIT",
			"dependencies": {
				"@wiki-weaver/core": "file:../../packages/core"
			},
			"devDependencies": {
				"@types/node": "^22.14.0",
				"typescript": "^5.8.2"
			}
		},
		"apps/mcp-server/node_modules/@types/node": {
			"version": "22.19.19",
			"dev": true,
			"license": "MIT",
			"dependencies": {
				"undici-types": "~6.21.0"
			}
		},
		"apps/mcp-server/node_modules/@wiki-weaver/core": {
			"resolved": "packages/core",
			"link": true
		},
		"apps/mcp-server/node_modules/typescript": {
			"version": "5.9.3",
			"dev": true,
			"license": "Apache-2.0",
			"bin": {
				"tsc": "bin/tsc",
				"tsserver": "bin/tsserver"
			},
			"engines": {
				"node": ">=14.17"
			}
		},
		"apps/mcp-server/node_modules/undici-types": {
			"version": "6.21.0",
			"dev": true,
			"license": "MIT"
		},
		"apps/obsidian-plugin": {
			"name": "wiki-weaver-plugin",
			"version": "0.1.0",
			"license": "MIT",
			"devDependencies": {
				"esbuild": "^0.25.0",
				"obsidian": "^1.7.2",
				"typescript": "^5.6.0"
			}
		},
		"apps/obsidian-plugin/node_modules/@codemirror/state": {
			"version": "6.5.0",
			"dev": true,
			"license": "MIT",
			"peer": true,
			"dependencies": {
				"@marijn/find-cluster-break": "^1.0.0"
			}
		},
		"apps/obsidian-plugin/node_modules/@codemirror/view": {
			"version": "6.38.6",
			"dev": true,
			"license": "MIT",
			"peer": true,
			"dependencies": {
				"@codemirror/state": "^6.5.0",
				"crelt": "^1.0.6",
				"style-mod": "^4.1.0",
				"w3c-keyname": "^2.2.4"
			}
		},
		"apps/obsidian-plugin/node_modules/@esbuild/darwin-arm64": {
			"version": "0.25.12",
			"cpu": [
				"arm64"
			],
			"dev": true,
			"license": "MIT",
			"optional": true,
			"os": [
				"darwin"
			],
			"engines": {
				"node": ">=18"
			}
		},
		"apps/obsidian-plugin/node_modules/@marijn/find-cluster-break": {
			"version": "1.0.2",
			"dev": true,
			"license": "MIT",
			"peer": true
		},
		"apps/obsidian-plugin/node_modules/@types/codemirror": {
			"version": "5.60.8",
			"dev": true,
			"license": "MIT",
			"dependencies": {
				"@types/tern": "*"
			}
		},
		"apps/obsidian-plugin/node_modules/@types/estree": {
			"version": "1.0.9",
			"dev": true,
			"license": "MIT"
		},
		"apps/obsidian-plugin/node_modules/@types/tern": {
			"version": "0.23.9",
			"dev": true,
			"license": "MIT",
			"dependencies": {
				"@types/estree": "*"
			}
		},
		"apps/obsidian-plugin/node_modules/crelt": {
			"version": "1.0.6",
			"dev": true,
			"license": "MIT",
			"peer": true
		},
		"apps/obsidian-plugin/node_modules/esbuild": {
			"version": "0.25.12",
			"dev": true,
			"hasInstallScript": true,
			"license": "MIT",
			"bin": {
				"esbuild": "bin/esbuild"
			},
			"engines": {
				"node": ">=18"
			},
			"optionalDependencies": {
				"@esbuild/aix-ppc64": "0.25.12",
				"@esbuild/android-arm": "0.25.12",
				"@esbuild/android-arm64": "0.25.12",
				"@esbuild/android-x64": "0.25.12",
				"@esbuild/darwin-arm64": "0.25.12",
				"@esbuild/darwin-x64": "0.25.12",
				"@esbuild/freebsd-arm64": "0.25.12",
				"@esbuild/freebsd-x64": "0.25.12",
				"@esbuild/linux-arm": "0.25.12",
				"@esbuild/linux-arm64": "0.25.12",
				"@esbuild/linux-ia32": "0.25.12",
				"@esbuild/linux-loong64": "0.25.12",
				"@esbuild/linux-mips64el": "0.25.12",
				"@esbuild/linux-ppc64": "0.25.12",
				"@esbuild/linux-riscv64": "0.25.12",
				"@esbuild/linux-s390x": "0.25.12",
				"@esbuild/linux-x64": "0.25.12",
				"@esbuild/netbsd-arm64": "0.25.12",
				"@esbuild/netbsd-x64": "0.25.12",
				"@esbuild/openbsd-arm64": "0.25.12",
				"@esbuild/openbsd-x64": "0.25.12",
				"@esbuild/openharmony-arm64": "0.25.12",
				"@esbuild/sunos-x64": "0.25.12",
				"@esbuild/win32-arm64": "0.25.12",
				"@esbuild/win32-ia32": "0.25.12",
				"@esbuild/win32-x64": "0.25.12"
			}
		},
		"apps/obsidian-plugin/node_modules/moment": {
			"version": "2.29.4",
			"dev": true,
			"license": "MIT",
			"engines": {
				"node": "*"
			}
		},
		"apps/obsidian-plugin/node_modules/obsidian": {
			"version": "1.12.3",
			"dev": true,
			"license": "MIT",
			"dependencies": {
				"@types/codemirror": "5.60.8",
				"moment": "2.29.4"
			},
			"peerDependencies": {
				"@codemirror/state": "6.5.0",
				"@codemirror/view": "6.38.6"
			}
		},
		"apps/obsidian-plugin/node_modules/style-mod": {
			"version": "4.1.3",
			"dev": true,
			"license": "MIT",
			"peer": true
		},
		"apps/obsidian-plugin/node_modules/typescript": {
			"version": "5.9.3",
			"dev": true,
			"license": "Apache-2.0",
			"bin": {
				"tsc": "bin/tsc",
				"tsserver": "bin/tsserver"
			},
			"engines": {
				"node": ">=14.17"
			}
		},
		"apps/obsidian-plugin/node_modules/w3c-keyname": {
			"version": "2.2.8",
			"dev": true,
			"license": "MIT",
			"peer": true
		},
		"node_modules/@wiki-weaver/core": {
			"resolved": "packages/core",
			"link": true
		},
		"node_modules/wiki-weaver-mcp-server": {
			"resolved": "apps/mcp-server",
			"link": true
		},
		"node_modules/wiki-weaver-plugin": {
			"resolved": "apps/obsidian-plugin",
			"link": true
		},
		"packages/core": {
			"name": "@wiki-weaver/core",
			"version": "0.1.0",
			"license": "MIT",
			"devDependencies": {
				"@types/node": "^22.14.0",
				"typescript": "^5.8.2"
			}
		},
		"packages/core/node_modules/@types/node": {
			"version": "22.19.19",
			"dev": true,
			"license": "MIT",
			"dependencies": {
				"undici-types": "~6.21.0"
			}
		},
		"packages/core/node_modules/typescript": {
			"version": "5.9.3",
			"dev": true,
			"license": "Apache-2.0",
			"bin": {
				"tsc": "bin/tsc",
				"tsserver": "bin/tsserver"
			},
			"engines": {
				"node": ">=14.17"
			}
		},
		"packages/core/node_modules/undici-types": {
			"version": "6.21.0",
			"dev": true,
			"license": "MIT"
		}
	}
}
